// !$*UTF8*$!
{
	archiveVersion = 1;
	classes = {
	};
	objectVersion = 46;
	objects = {

/* Begin PBXBuildFile section */
		BE6A145316AD996D00CFFD1D /* UIKit.framework in Frameworks */ = {isa = PBXBuildFile; fileRef = BE6A145216AD996D00CFFD1D /* UIKit.framework */; };
		BE6A145516AD996D00CFFD1D /* Foundation.framework in Frameworks */ = {isa = PBXBuildFile; fileRef = BE6A145416AD996D00CFFD1D /* Foundation.framework */; };
		BE6A145716AD996D00CFFD1D /* CoreGraphics.framework in Frameworks */ = {isa = PBXBuildFile; fileRef = BE6A145616AD996D00CFFD1D /* CoreGraphics.framework */; };
		BE6A145D16AD996D00CFFD1D /* InfoPlist.strings in Resources */ = {isa = PBXBuildFile; fileRef = BE6A145B16AD996D00CFFD1D /* InfoPlist.strings */; };
		BE6A145F16AD996D00CFFD1D /* main.m in Sources */ = {isa = PBXBuildFile; fileRef = BE6A145E16AD996D00CFFD1D /* main.m */; };
		BE6A146316AD996D00CFFD1D /* CTCDAppDelegate.m in Sources */ = {isa = PBXBuildFile; fileRef = BE6A146216AD996D00CFFD1D /* CTCDAppDelegate.m */; };
		BE6A146516AD996D00CFFD1D /* Default.png in Resources */ = {isa = PBXBuildFile; fileRef = BE6A146416AD996D00CFFD1D /* Default.png */; };
		BE6A146716AD996D00CFFD1D /* Default@2x.png in Resources */ = {isa = PBXBuildFile; fileRef = BE6A146616AD996D00CFFD1D /* Default@2x.png */; };
		BE6A146916AD996D00CFFD1D /* Default-568h@2x.png in Resources */ = {isa = PBXBuildFile; fileRef = BE6A146816AD996D00CFFD1D /* Default-568h@2x.png */; };
		BE6A147016AD9F1B00CFFD1D /* MapBox.framework in Frameworks */ = {isa = PBXBuildFile; fileRef = BE6A146F16AD9F1B00CFFD1D /* MapBox.framework */; };
		BE6A147F16ADA58E00CFFD1D /* Twitter.framework in Frameworks */ = {isa = PBXBuildFile; fileRef = BE6A147E16ADA58E00CFFD1D /* Twitter.framework */; };
		BE6A148116ADA59500CFFD1D /* CoreLocation.framework in Frameworks */ = {isa = PBXBuildFile; fileRef = BE6A148016ADA59500CFFD1D /* CoreLocation.framework */; };
		BE6A148316ADA59E00CFFD1D /* QuartzCore.framework in Frameworks */ = {isa = PBXBuildFile; fileRef = BE6A148216ADA59E00CFFD1D /* QuartzCore.framework */; };
		BE6A148516ADA5A800CFFD1D /* libsqlite3.dylib in Frameworks */ = {isa = PBXBuildFile; fileRef = BE6A148416ADA5A800CFFD1D /* libsqlite3.dylib */; };
		BE6A148716ADA5B400CFFD1D /* libz.dylib in Frameworks */ = {isa = PBXBuildFile; fileRef = BE6A148616ADA5B400CFFD1D /* libz.dylib */; };
		BE6A148916ADA5D500CFFD1D /* MapAlert_iPhone.storyboard in Resources */ = {isa = PBXBuildFile; fileRef = BE6A148816ADA5D500CFFD1D /* MapAlert_iPhone.storyboard */; };
/* End PBXBuildFile section */

/* Begin PBXFileReference section */
		BE6A144E16AD996D00CFFD1D /* MapAlert.app */ = {isa = PBXFileReference; explicitFileType = wrapper.application; includeInIndex = 0; path = MapAlert.app; sourceTree = BUILT_PRODUCTS_DIR; };
		BE6A145216AD996D00CFFD1D /* UIKit.framework */ = {isa = PBXFileReference; lastKnownFileType = wrapper.framework; name = UIKit.framework; path = System/Library/Frameworks/UIKit.framework; sourceTree = SDKROOT; };
		BE6A145416AD996D00CFFD1D /* Foundation.framework */ = {isa = PBXFileReference; lastKnownFileType = wrapper.framework; name = Foundation.framework; path = System/Library/Frameworks/Foundation.framework; sourceTree = SDKROOT; };
		BE6A145616AD996D00CFFD1D /* CoreGraphics.framework */ = {isa = PBXFileReference; lastKnownFileType = wrapper.framework; name = CoreGraphics.framework; path = System/Library/Frameworks/CoreGraphics.framework; sourceTree = SDKROOT; };
		BE6A145A16AD996D00CFFD1D /* MapAlert-Info.plist */ = {isa = PBXFileReference; lastKnownFileType = text.plist.xml; path = "MapAlert-Info.plist"; sourceTree = "<group>"; };
		BE6A145C16AD996D00CFFD1D /* en */ = {isa = PBXFileReference; lastKnownFileType = text.plist.strings; name = en; path = en.lproj/InfoPlist.strings; sourceTree = "<group>"; };
		BE6A145E16AD996D00CFFD1D /* main.m */ = {isa = PBXFileReference; lastKnownFileType = sourcecode.c.objc; path = main.m; sourceTree = "<group>"; };
		BE6A146016AD996D00CFFD1D /* MapAlert-Prefix.pch */ = {isa = PBXFileReference; lastKnownFileType = sourcecode.c.h; path = "MapAlert-Prefix.pch"; sourceTree = "<group>"; };
		BE6A146116AD996D00CFFD1D /* CTCDAppDelegate.h */ = {isa = PBXFileReference; lastKnownFileType = sourcecode.c.h; path = CTCDAppDelegate.h; sourceTree = "<group>"; };
		BE6A146216AD996D00CFFD1D /* CTCDAppDelegate.m */ = {isa = PBXFileReference; lastKnownFileType = sourcecode.c.objc; path = CTCDAppDelegate.m; sourceTree = "<group>"; };
		BE6A146416AD996D00CFFD1D /* Default.png */ = {isa = PBXFileReference; lastKnownFileType = image.png; path = Default.png; sourceTree = "<group>"; };
		BE6A146616AD996D00CFFD1D /* Default@2x.png */ = {isa = PBXFileReference; lastKnownFileType = image.png; path = "Default@2x.png"; sourceTree = "<group>"; };
		BE6A146816AD996D00CFFD1D /* Default-568h@2x.png */ = {isa = PBXFileReference; lastKnownFileType = image.png; path = "Default-568h@2x.png"; sourceTree = "<group>"; };
		BE6A146F16AD9F1B00CFFD1D /* MapBox.framework */ = {isa = PBXFileReference; lastKnownFileType = wrapper.framework; name = MapBox.framework; path = MapAlert/frameworks/MapBox.framework; sourceTree = "<group>"; };
		BE6A147E16ADA58E00CFFD1D /* Twitter.framework */ = {isa = PBXFileReference; lastKnownFileType = wrapper.framework; name = Twitter.framework; path = System/Library/Frameworks/Twitter.framework; sourceTree = SDKROOT; };
		BE6A148016ADA59500CFFD1D /* CoreLocation.framework */ = {isa = PBXFileReference; lastKnownFileType = wrapper.framework; name = CoreLocation.framework; path = System/Library/Frameworks/CoreLocation.framework; sourceTree = SDKROOT; };
		BE6A148216ADA59E00CFFD1D /* QuartzCore.framework */ = {isa = PBXFileReference; lastKnownFileType = wrapper.framework; name = QuartzCore.framework; path = System/Library/Frameworks/QuartzCore.framework; sourceTree = SDKROOT; };
		BE6A148416ADA5A800CFFD1D /* libsqlite3.dylib */ = {isa = PBXFileReference; lastKnownFileType = "compiled.mach-o.dylib"; name = libsqlite3.dylib; path = usr/lib/libsqlite3.dylib; sourceTree = SDKROOT; };
		BE6A148616ADA5B400CFFD1D /* libz.dylib */ = {isa = PBXFileReference; lastKnownFileType = "compiled.mach-o.dylib"; name = libz.dylib; path = usr/lib/libz.dylib; sourceTree = SDKROOT; };
		BE6A148816ADA5D500CFFD1D /* MapAlert_iPhone.storyboard */ = {isa = PBXFileReference; fileEncoding = 4; lastKnownFileType = file.storyboard; path = MapAlert_iPhone.storyboard; sourceTree = "<group>"; };
/* End PBXFileReference section */

/* Begin PBXFrameworksBuildPhase section */
		BE6A144B16AD996D00CFFD1D /* Frameworks */ = {
			isa = PBXFrameworksBuildPhase;
			buildActionMask = 2147483647;
			files = (
				BE6A148716ADA5B400CFFD1D /* libz.dylib in Frameworks */,
				BE6A148516ADA5A800CFFD1D /* libsqlite3.dylib in Frameworks */,
				BE6A148316ADA59E00CFFD1D /* QuartzCore.framework in Frameworks */,
				BE6A148116ADA59500CFFD1D /* CoreLocation.framework in Frameworks */,
				BE6A147F16ADA58E00CFFD1D /* Twitter.framework in Frameworks */,
				BE6A145316AD996D00CFFD1D /* UIKit.framework in Frameworks */,
				BE6A145516AD996D00CFFD1D /* Foundation.framework in Frameworks */,
				BE6A145716AD996D00CFFD1D /* CoreGraphics.framework in Frameworks */,
				BE6A147016AD9F1B00CFFD1D /* MapBox.framework in Frameworks */,
			);
			runOnlyForDeploymentPostprocessing = 0;
		};
/* End PBXFrameworksBuildPhase section */

/* Begin PBXGroup section */
		BE6A144316AD996D00CFFD1D = {
			isa = PBXGroup;
			children = (
				BE6A148616ADA5B400CFFD1D /* libz.dylib */,
				BE6A148416ADA5A800CFFD1D /* libsqlite3.dylib */,
				BE6A148216ADA59E00CFFD1D /* QuartzCore.framework */,
				BE6A148016ADA59500CFFD1D /* CoreLocation.framework */,
				BE6A147E16ADA58E00CFFD1D /* Twitter.framework */,
				BE6A145816AD996D00CFFD1D /* MapAlert */,
				BE6A145116AD996D00CFFD1D /* Frameworks */,
				BE6A144F16AD996D00CFFD1D /* Products */,
			);
			sourceTree = "<group>";
		};
		BE6A144F16AD996D00CFFD1D /* Products */ = {
			isa = PBXGroup;
			children = (
				BE6A144E16AD996D00CFFD1D /* MapAlert.app */,
			);
			name = Products;
			sourceTree = "<group>";
		};
		BE6A145116AD996D00CFFD1D /* Frameworks */ = {
			isa = PBXGroup;
			children = (
				BE6A146F16AD9F1B00CFFD1D /* MapBox.framework */,
				BE6A145216AD996D00CFFD1D /* UIKit.framework */,
				BE6A145416AD996D00CFFD1D /* Foundation.framework */,
				BE6A145616AD996D00CFFD1D /* CoreGraphics.framework */,
			);
			name = Frameworks;
			sourceTree = "<group>";
		};
		BE6A145816AD996D00CFFD1D /* MapAlert */ = {
			isa = PBXGroup;
			children = (
				BE6A147316ADA1AF00CFFD1D /* Controllers */,
				BE6A147216ADA1A900CFFD1D /* Views */,
				BE6A147116ADA19F00CFFD1D /* Models */,
				BE6A146116AD996D00CFFD1D /* CTCDAppDelegate.h */,
				BE6A146216AD996D00CFFD1D /* CTCDAppDelegate.m */,
				BE6A145916AD996D00CFFD1D /* Supporting Files */,
			);
			path = MapAlert;
			sourceTree = "<group>";
		};
		BE6A145916AD996D00CFFD1D /* Supporting Files */ = {
			isa = PBXGroup;
			children = (
				BE6A145A16AD996D00CFFD1D /* MapAlert-Info.plist */,
				BE6A145B16AD996D00CFFD1D /* InfoPlist.strings */,
				BE6A145E16AD996D00CFFD1D /* main.m */,
				BE6A146016AD996D00CFFD1D /* MapAlert-Prefix.pch */,
				BE6A146416AD996D00CFFD1D /* Default.png */,
				BE6A146616AD996D00CFFD1D /* Default@2x.png */,
				BE6A146816AD996D00CFFD1D /* Default-568h@2x.png */,
			);
			name = "Supporting Files";
			sourceTree = "<group>";
		};
		BE6A147116ADA19F00CFFD1D /* Models */ = {
			isa = PBXGroup;
			children = (
			);
			name = Models;
			sourceTree = "<group>";
		};
		BE6A147216ADA1A900CFFD1D /* Views */ = {
			isa = PBXGroup;
			children = (
				BE6A148816ADA5D500CFFD1D /* MapAlert_iPhone.storyboard */,
			);
			name = Views;
			sourceTree = "<group>";
		};
		BE6A147316ADA1AF00CFFD1D /* Controllers */ = {
			isa = PBXGroup;
			children = (
			);
			name = Controllers;
			sourceTree = "<group>";
		};
/* End PBXGroup section */

/* Begin PBXNativeTarget section */
		BE6A144D16AD996D00CFFD1D /* MapAlert */ = {
			isa = PBXNativeTarget;
			buildConfigurationList = BE6A146C16AD996D00CFFD1D /* Build configuration list for PBXNativeTarget "MapAlert" */;
			buildPhases = (
				BE6A144A16AD996D00CFFD1D /* Sources */,
				BE6A144B16AD996D00CFFD1D /* Frameworks */,
				BE6A144C16AD996D00CFFD1D /* Resources */,
			);
			buildRules = (
			);
			dependencies = (
			);
			name = MapAlert;
			productName = MapAlert;
			productReference = BE6A144E16AD996D00CFFD1D /* MapAlert.app */;
			productType = "com.apple.product-type.application";
		};
/* End PBXNativeTarget section */

/* Begin PBXProject section */
		BE6A144516AD996D00CFFD1D /* Project object */ = {
			isa = PBXProject;
			attributes = {
				CLASSPREFIX = CTCD;
				LastUpgradeCheck = 0450;
				ORGANIZATIONNAME = com.cartocadabra.mobile;
			};
			buildConfigurationList = BE6A144816AD996D00CFFD1D /* Build configuration list for PBXProject "MapAlert" */;
			compatibilityVersion = "Xcode 3.2";
			developmentRegion = English;
			hasScannedForEncodings = 0;
			knownRegions = (
				en,
			);
			mainGroup = BE6A144316AD996D00CFFD1D;
			productRefGroup = BE6A144F16AD996D00CFFD1D /* Products */;
			projectDirPath = "";
			projectRoot = "";
			targets = (
				BE6A144D16AD996D00CFFD1D /* MapAlert */,
			);
		};
/* End PBXProject section */

/* Begin PBXResourcesBuildPhase section */
		BE6A144C16AD996D00CFFD1D /* Resources */ = {
			isa = PBXResourcesBuildPhase;
			buildActionMask = 2147483647;
			files = (
				BE6A145D16AD996D00CFFD1D /* InfoPlist.strings in Resources */,
				BE6A146516AD996D00CFFD1D /* Default.png in Resources */,
				BE6A146716AD996D00CFFD1D /* Default@2x.png in Resources */,
				BE6A146916AD996D00CFFD1D /* Default-568h@2x.png in Resources */,
				BE6A148916ADA5D500CFFD1D /* MapAlert_iPhone.storyboard in Resources */,
			);
			runOnlyForDeploymentPostprocessing = 0;
		};
/* End PBXResourcesBuildPhase section */

/* Begin PBXSourcesBuildPhase section */
		BE6A144A16AD996D00CFFD1D /* Sources */ = {
			isa = PBXSourcesBuildPhase;
			buildActionMask = 2147483647;
			files = (
				BE6A145F16AD996D00CFFD1D /* main.m in Sources */,
				BE6A146316AD996D00CFFD1D /* CTCDAppDelegate.m in Sources */,
			);
			runOnlyForDeploymentPostprocessing = 0;
		};
/* End PBXSourcesBuildPhase section */

/* Begin PBXVariantGroup section */
		BE6A145B16AD996D00CFFD1D /* InfoPlist.strings */ = {
			isa = PBXVariantGroup;
			children = (
				BE6A145C16AD996D00CFFD1D /* en */,
			);
			name = InfoPlist.strings;
			sourceTree = "<group>";
		};
/* End PBXVariantGroup section */

/* Begin XCBuildConfiguration section */
		BE6A146A16AD996D00CFFD1D /* Debug */ = {
			isa = XCBuildConfiguration;
			buildSettings = {
				ALWAYS_SEARCH_USER_PATHS = NO;
				CLANG_CXX_LANGUAGE_STANDARD = "gnu++0x";
				CLANG_CXX_LIBRARY = "libc++";
				CLANG_ENABLE_OBJC_ARC = YES;
				CLANG_WARN_EMPTY_BODY = YES;
				CLANG_WARN__DUPLICATE_METHOD_MATCH = YES;
				"CODE_SIGN_IDENTITY[sdk=iphoneos*]" = "iPhone Developer";
				COPY_PHASE_STRIP = NO;
				GCC_C_LANGUAGE_STANDARD = gnu99;
				GCC_DYNAMIC_NO_PIC = NO;
				GCC_OPTIMIZATION_LEVEL = 0;
				GCC_PREPROCESSOR_DEFINITIONS = (
					"DEBUG=1",
					"$(inherited)",
				);
				GCC_SYMBOLS_PRIVATE_EXTERN = NO;
				GCC_WARN_ABOUT_RETURN_TYPE = YES;
				GCC_WARN_UNINITIALIZED_AUTOS = YES;
				GCC_WARN_UNUSED_VARIABLE = YES;
				IPHONEOS_DEPLOYMENT_TARGET = 6.0;
				ONLY_ACTIVE_ARCH = YES;
				SDKROOT = iphoneos;
			};
			name = Debug;
		};
		BE6A146B16AD996D00CFFD1D /* Release */ = {
			isa = XCBuildConfiguration;
			buildSettings = {
				ALWAYS_SEARCH_USER_PATHS = NO;
				CLANG_CXX_LANGUAGE_STANDARD = "gnu++0x";
				CLANG_CXX_LIBRARY = "libc++";
				CLANG_ENABLE_OBJC_ARC = YES;
				CLANG_WARN_EMPTY_BODY = YES;
				CLANG_WARN__DUPLICATE_METHOD_MATCH = YES;
				"CODE_SIGN_IDENTITY[sdk=iphoneos*]" = "iPhone Developer";
				COPY_PHASE_STRIP = YES;
				GCC_C_LANGUAGE_STANDARD = gnu99;
				GCC_WARN_ABOUT_RETURN_TYPE = YES;
				GCC_WARN_UNINITIALIZED_AUTOS = YES;
				GCC_WARN_UNUSED_VARIABLE = YES;
				IPHONEOS_DEPLOYMENT_TARGET = 6.0;
				OTHER_CFLAGS = "-DNS_BLOCK_ASSERTIONS=1";
				SDKROOT = iphoneos;
				VALIDATE_PRODUCT = YES;
			};
			name = Release;
		};
		BE6A146D16AD996D00CFFD1D /* Debug */ = {
			isa = XCBuildConfiguration;
			buildSettings = {
				FRAMEWORK_SEARCH_PATHS = (
					"$(inherited)",
					"\"$(SRCROOT)/MapAlert/frameworks\"",
				);
				GCC_PRECOMPILE_PREFIX_HEADER = YES;
				GCC_PREFIX_HEADER = "MapAlert/MapAlert-Prefix.pch";
				INFOPLIST_FILE = "MapAlert/MapAlert-Info.plist";
				PRODUCT_NAME = "$(TARGET_NAME)";
				WRAPPER_EXTENSION = app;
			};
			name = Debug;
		};
		BE6A146E16AD996D00CFFD1D /* Release */ = {
			isa = XCBuildConfiguration;
			buildSettings = {
				FRAMEWORK_SEARCH_PATHS = (
					"$(inherited)",
					"\"$(SRCROOT)/MapAlert/frameworks\"",
				);
				GCC_PRECOMPILE_PREFIX_HEADER = YES;
				GCC_PREFIX_HEADER = "MapAlert/MapAlert-Prefix.pch";
				INFOPLIST_FILE = "MapAlert/MapAlert-Info.plist";
				PRODUCT_NAME = "$(TARGET_NAME)";
				WRAPPER_EXTENSION = app;
			};
			name = Release;
		};
/* End XCBuildConfiguration section */

/* Begin XCConfigurationList section */
		BE6A144816AD996D00CFFD1D /* Build configuration list for PBXProject "MapAlert" */ = {
			isa = XCConfigurationList;
			buildConfigurations = (
				BE6A146A16AD996D00CFFD1D /* Debug */,
				BE6A146B16AD996D00CFFD1D /* Release */,
			);
			defaultConfigurationIsVisible = 0;
			defaultConfigurationName = Release;
		};
		BE6A146C16AD996D00CFFD1D /* Build configuration list for PBXNativeTarget "MapAlert" */ = {
			isa = XCConfigurationList;
			buildConfigurations = (
				BE6A146D16AD996D00CFFD1D /* Debug */,
				BE6A146E16AD996D00CFFD1D /* Release */,
			);
			defaultConfigurationIsVisible = 0;
		};
/* End XCConfigurationList section */
	};
	rootObject = BE6A144516AD996D00CFFD1D /* Project object */;
}
